
Microsoft Visual Studio Solution File, Format Version 12.00
# Visual Studio 15
VisualStudioVersion = 15.0.28307.489
MinimumVisualStudioVersion = 10.0.40219.1
Project("{2150E333-8FDC-42A3-9474-1A3956D46DE8}") = "Lesson01", "Lesson01", "{72513A5E-6FD3-492E-A2CE-4E35BC2DE98E}"
EndProject
Project("{2150E333-8FDC-42A3-9474-1A3956D46DE8}") = "Lesson02", "Lesson02", "{0823887E-FD84-42CE-9AB1-8094392E80AF}"
EndProject
Project("{2150E333-8FDC-42A3-9474-1A3956D46DE8}") = "Lesson04", "Lesson04", "{B8C17B89-17A7-420A-A6FA-F807558F3963}"
EndProject
Project("{2150E333-8FDC-42A3-9474-1A3956D46DE8}") = "Lesson06", "Lesson06", "{EA0E1CA1-B7CD-4DC7-977C-7FD225D405C7}"
EndProject
Project("{2150E333-8FDC-42A3-9474-1A3956D46DE8}") = "Lesson07", "Lesson07", "{AFCC2608-112E-49F9-B9FD-22F68B5FD113}"
EndProject
Project("{2150E333-8FDC-42A3-9474-1A3956D46DE8}") = "Lesson08", "Lesson08", "{FE3077FD-97D7-47F7-98BD-C481C23C8A33}"
EndProject
Project("{2150E333-8FDC-42A3-9474-1A3956D46DE8}") = "Lesson09", "Lesson09", "{E3FDCDBF-9883-45C0-AA4B-30578C5E16E8}"
EndProject
Project("{FAE04EC0-301F-11D3-BF4B-00C04F79EFBC}") = "WPFConsole", "WPFConsole\WPFConsole.csproj", "{45686DCD-B07C-4AD3-8AE0-34970D2947D6}"
EndProject
Project("{FAE04EC0-301F-11D3-BF4B-00C04F79EFBC}") = "WPFXAML", "WPFXAML\WPFXAML.csproj", "{020362F6-5915-4CBD-8F2F-CC11B350199E}"
EndProject
Project("{FAE04EC0-301F-11D3-BF4B-00C04F79EFBC}") = "Navigations", "Navigations\Navigations.csproj", "{F2589455-40DA-4966-AC6F-AC6A030322BB}"
EndProject
Project("{FAE04EC0-301F-11D3-BF4B-00C04F79EFBC}") = "XBAPs", "XBAPs\XBAPs.csproj", "{A5742868-9902-464A-814F-6E960E377985}"
EndProject
Project("{FAE04EC0-301F-11D3-BF4B-00C04F79EFBC}") = "WPFClickOnceDeployment", "WPFClickOnceDeployment\WPFClickOnceDeployment.csproj", "{EF51D4CB-8B80-4A92-BE6D-CAF25A359F08}"
EndProject
Project("{FAE04EC0-301F-11D3-BF4B-00C04F79EFBC}") = "UsingSettings", "UsingSettings\UsingSettings.csproj", "{4DC1989C-A25C-4D3D-91C1-D3154A4EBE85}"
EndProject
Project("{FAE04EC0-301F-11D3-BF4B-00C04F79EFBC}") = "WithoutBinding", "WithoutBinding\WithoutBinding.csproj", "{775FC229-0C30-4362-8FD7-98D5EC19A37D}"
EndProject
Project("{FAE04EC0-301F-11D3-BF4B-00C04F79EFBC}") = "WithBinding", "WithBinding\WithBinding.csproj", "{F58466DB-E3BC-4AD5-81DB-CBD8F0AAAC0F}"
EndProject
Project("{FAE04EC0-301F-11D3-BF4B-00C04F79EFBC}") = "ValueConverterWPF", "ValueConverterWPF\ValueConverterWPF.csproj", "{D05731DB-1DF6-4FF4-8151-F1D610A9CABB}"
EndProject
Project("{FAE04EC0-301F-11D3-BF4B-00C04F79EFBC}") = "ListDataBinding", "ListDataBinding\ListDataBinding.csproj", "{E64FE4F8-B209-4B4F-A365-625A9543401E}"
EndProject
Project("{FAE04EC0-301F-11D3-BF4B-00C04F79EFBC}") = "DataValidation", "DataValidation\DataValidation.csproj", "{7558FED7-11AE-4713-BF4A-D1FCDE3C56B6}"
EndProject
Project("{FAE04EC0-301F-11D3-BF4B-00C04F79EFBC}") = "RoutedEventsWPF", "RoutedEventsWPF\RoutedEventsWPF.csproj", "{1AE00F18-74D8-4FD9-AEAE-9AF4A0D2B5DA}"
EndProject
Project("{FAE04EC0-301F-11D3-BF4B-00C04F79EFBC}") = "EventSettersWPF", "EventSettersWPF\EventSettersWPF.csproj", "{69944B22-CD3D-4713-83C9-76BB20E9FC61}"
EndProject
Project("{FAE04EC0-301F-11D3-BF4B-00C04F79EFBC}") = "EventTriggersWPF", "EventTriggersWPF\EventTriggersWPF.csproj", "{BF4C66D6-8624-4351-9B24-6CB9C932636D}"
EndProject
Project("{FAE04EC0-301F-11D3-BF4B-00C04F79EFBC}") = "Commands", "Commands\Commands.csproj", "{560D2893-9890-46D8-9458-9C491AC1AFE1}"
EndProject
Project("{FAE04EC0-301F-11D3-BF4B-00C04F79EFBC}") = "Triggers", "Triggers\Triggers.csproj", "{E6061375-C2C1-4AB4-BDC4-137AAE36940E}"
EndProject
Project("{FAE04EC0-301F-11D3-BF4B-00C04F79EFBC}") = "FlowDocuments", "FlowDocuments\FlowDocuments.csproj", "{65E9E01F-B7D5-4285-BC79-62F927D28663}"
EndProject
Project("{FAE04EC0-301F-11D3-BF4B-00C04F79EFBC}") = "FixedDocuments", "FixedDocuments\FixedDocuments.csproj", "{ADE5336A-2D6B-4141-913C-79B30EA1DF82}"
EndProject
Project("{FAE04EC0-301F-11D3-BF4B-00C04F79EFBC}") = "Localizations", "Localizations\Localizations.csproj", "{79BCD798-3D87-4A70-A25D-D3AF3C40880C}"
EndProject
Project("{FAE04EC0-301F-11D3-BF4B-00C04F79EFBC}") = "WinFormInWPF", "WinFormInWPF\WinFormInWPF.csproj", "{5F31D915-0334-4530-9CC4-462DB48FA0DA}"
EndProject
Project("{FAE04EC0-301F-11D3-BF4B-00C04F79EFBC}") = "WPFInWinForm", "WPFInWinForm\WPFInWinForm.csproj", "{E6E1EF71-6B93-4F2A-A654-FC0700895FDB}"
EndProject
Project("{FAE04EC0-301F-11D3-BF4B-00C04F79EFBC}") = "WpfDataApp", "WpfDataApp\WpfDataApp.csproj", "{2F107BBC-1691-4770-83EB-E126486277C5}"
EndProject
Project("{FAE04EC0-301F-11D3-BF4B-00C04F79EFBC}") = "WpfMvvmApp", "WpfMvvmApp\WpfMvvmApp.csproj", "{0DBA193F-C10A-4E7A-ADCB-AEFE8488B97A}"
EndProject
Project("{FAE04EC0-301F-11D3-BF4B-00C04F79EFBC}") = "WpfEf6MvvmApp", "WpfEf6MvvmApp\WpfEf6MvvmApp.csproj", "{1303D628-A07B-46B2-B5B7-1C893326AE09}"
EndProject
Project("{FAE04EC0-301F-11D3-BF4B-00C04F79EFBC}") = "WindowsFormsApp1", "WindowsFormsApp1\WindowsFormsApp1.csproj", "{2B7B2D39-AF6A-453B-A78B-FE64CB46F12C}"
EndProject
Project("{FAE04EC0-301F-11D3-BF4B-00C04F79EFBC}") = "WpfApp1", "WpfApp1\WpfApp1.csproj", "{ABF6A287-642D-4D2F-ABED-135CC79186F7}"
EndProject
Project("{FAE04EC0-301F-11D3-BF4B-00C04F79EFBC}") = "WpfControlsApp", "WpfControlsApp\WpfControlsApp.csproj", "{E9B58016-9B58-49C2-A7C7-9C3BFD28F05B}"
EndProject
Project("{FAE04EC0-301F-11D3-BF4B-00C04F79EFBC}") = "WpfBindingApp", "WpfBindingApp\WpfBindingApp.csproj", "{A3E12D2A-D82A-4079-B872-13F0B22B94D1}"
EndProject
Project("{FAE04EC0-301F-11D3-BF4B-00C04F79EFBC}") = "WpfCollectionBindingApp", "WpfCollectionBindingApp\WpfCollectionBindingApp.csproj", "{5C7E0B22-EBBC-47DB-A3B5-C1D8C488EA80}"
EndProject
Global
	GlobalSection(SolutionConfigurationPlatforms) = preSolution
		Debug|Any CPU = Debug|Any CPU
		Release|Any CPU = Release|Any CPU
	EndGlobalSection
	GlobalSection(ProjectConfigurationPlatforms) = postSolution
		{45686DCD-B07C-4AD3-8AE0-34970D2947D6}.Debug|Any CPU.ActiveCfg = Debug|Any CPU
		{45686DCD-B07C-4AD3-8AE0-34970D2947D6}.Debug|Any CPU.Build.0 = Debug|Any CPU
		{45686DCD-B07C-4AD3-8AE0-34970D2947D6}.Release|Any CPU.ActiveCfg = Release|Any CPU
		{45686DCD-B07C-4AD3-8AE0-34970D2947D6}.Release|Any CPU.Build.0 = Release|Any CPU
		{020362F6-5915-4CBD-8F2F-CC11B350199E}.Debug|Any CPU.ActiveCfg = Debug|Any CPU
		{020362F6-5915-4CBD-8F2F-CC11B350199E}.Debug|Any CPU.Build.0 = Debug|Any CPU
		{020362F6-5915-4CBD-8F2F-CC11B350199E}.Release|Any CPU.ActiveCfg = Release|Any CPU
		{020362F6-5915-4CBD-8F2F-CC11B350199E}.Release|Any CPU.Build.0 = Release|Any CPU
		{F2589455-40DA-4966-AC6F-AC6A030322BB}.Debug|Any CPU.ActiveCfg = Debug|Any CPU
		{F2589455-40DA-4966-AC6F-AC6A030322BB}.Debug|Any CPU.Build.0 = Debug|Any CPU
		{F2589455-40DA-4966-AC6F-AC6A030322BB}.Release|Any CPU.ActiveCfg = Release|Any CPU
		{F2589455-40DA-4966-AC6F-AC6A030322BB}.Release|Any CPU.Build.0 = Release|Any CPU
		{A5742868-9902-464A-814F-6E960E377985}.Debug|Any CPU.ActiveCfg = Debug|Any CPU
		{A5742868-9902-464A-814F-6E960E377985}.Debug|Any CPU.Build.0 = Debug|Any CPU
		{A5742868-9902-464A-814F-6E960E377985}.Release|Any CPU.ActiveCfg = Release|Any CPU
		{A5742868-9902-464A-814F-6E960E377985}.Release|Any CPU.Build.0 = Release|Any CPU
		{EF51D4CB-8B80-4A92-BE6D-CAF25A359F08}.Debug|Any CPU.ActiveCfg = Debug|Any CPU
		{EF51D4CB-8B80-4A92-BE6D-CAF25A359F08}.Debug|Any CPU.Build.0 = Debug|Any CPU
		{EF51D4CB-8B80-4A92-BE6D-CAF25A359F08}.Release|Any CPU.ActiveCfg = Release|Any CPU
		{EF51D4CB-8B80-4A92-BE6D-CAF25A359F08}.Release|Any CPU.Build.0 = Release|Any CPU
		{4DC1989C-A25C-4D3D-91C1-D3154A4EBE85}.Debug|Any CPU.ActiveCfg = Debug|Any CPU
		{4DC1989C-A25C-4D3D-91C1-D3154A4EBE85}.Debug|Any CPU.Build.0 = Debug|Any CPU
		{4DC1989C-A25C-4D3D-91C1-D3154A4EBE85}.Release|Any CPU.ActiveCfg = Release|Any CPU
		{4DC1989C-A25C-4D3D-91C1-D3154A4EBE85}.Release|Any CPU.Build.0 = Release|Any CPU
		{775FC229-0C30-4362-8FD7-98D5EC19A37D}.Debug|Any CPU.ActiveCfg = Debug|Any CPU
		{775FC229-0C30-4362-8FD7-98D5EC19A37D}.Debug|Any CPU.Build.0 = Debug|Any CPU
		{775FC229-0C30-4362-8FD7-98D5EC19A37D}.Release|Any CPU.ActiveCfg = Release|Any CPU
		{775FC229-0C30-4362-8FD7-98D5EC19A37D}.Release|Any CPU.Build.0 = Release|Any CPU
		{F58466DB-E3BC-4AD5-81DB-CBD8F0AAAC0F}.Debug|Any CPU.ActiveCfg = Debug|Any CPU
		{F58466DB-E3BC-4AD5-81DB-CBD8F0AAAC0F}.Debug|Any CPU.Build.0 = Debug|Any CPU
		{F58466DB-E3BC-4AD5-81DB-CBD8F0AAAC0F}.Release|Any CPU.ActiveCfg = Release|Any CPU
		{F58466DB-E3BC-4AD5-81DB-CBD8F0AAAC0F}.Release|Any CPU.Build.0 = Release|Any CPU
		{D05731DB-1DF6-4FF4-8151-F1D610A9CABB}.Debug|Any CPU.ActiveCfg = Debug|Any CPU
		{D05731DB-1DF6-4FF4-8151-F1D610A9CABB}.Debug|Any CPU.Build.0 = Debug|Any CPU
		{D05731DB-1DF6-4FF4-8151-F1D610A9CABB}.Release|Any CPU.ActiveCfg = Release|Any CPU
		{D05731DB-1DF6-4FF4-8151-F1D610A9CABB}.Release|Any CPU.Build.0 = Release|Any CPU
		{E64FE4F8-B209-4B4F-A365-625A9543401E}.Debug|Any CPU.ActiveCfg = Debug|Any CPU
		{E64FE4F8-B209-4B4F-A365-625A9543401E}.Debug|Any CPU.Build.0 = Debug|Any CPU
		{E64FE4F8-B209-4B4F-A365-625A9543401E}.Release|Any CPU.ActiveCfg = Release|Any CPU
		{E64FE4F8-B209-4B4F-A365-625A9543401E}.Release|Any CPU.Build.0 = Release|Any CPU
		{7558FED7-11AE-4713-BF4A-D1FCDE3C56B6}.Debug|Any CPU.ActiveCfg = Debug|Any CPU
		{7558FED7-11AE-4713-BF4A-D1FCDE3C56B6}.Debug|Any CPU.Build.0 = Debug|Any CPU
		{7558FED7-11AE-4713-BF4A-D1FCDE3C56B6}.Release|Any CPU.ActiveCfg = Release|Any CPU
		{7558FED7-11AE-4713-BF4A-D1FCDE3C56B6}.Release|Any CPU.Build.0 = Release|Any CPU
		{1AE00F18-74D8-4FD9-AEAE-9AF4A0D2B5DA}.Debug|Any CPU.ActiveCfg = Debug|Any CPU
		{1AE00F18-74D8-4FD9-AEAE-9AF4A0D2B5DA}.Debug|Any CPU.Build.0 = Debug|Any CPU
		{1AE00F18-74D8-4FD9-AEAE-9AF4A0D2B5DA}.Release|Any CPU.ActiveCfg = Release|Any CPU
		{1AE00F18-74D8-4FD9-AEAE-9AF4A0D2B5DA}.Release|Any CPU.Build.0 = Release|Any CPU
		{69944B22-CD3D-4713-83C9-76BB20E9FC61}.Debug|Any CPU.ActiveCfg = Debug|Any CPU
		{69944B22-CD3D-4713-83C9-76BB20E9FC61}.Debug|Any CPU.Build.0 = Debug|Any CPU
		{69944B22-CD3D-4713-83C9-76BB20E9FC61}.Release|Any CPU.ActiveCfg = Release|Any CPU
		{69944B22-CD3D-4713-83C9-76BB20E9FC61}.Release|Any CPU.Build.0 = Release|Any CPU
		{BF4C66D6-8624-4351-9B24-6CB9C932636D}.Debug|Any CPU.ActiveCfg = Debug|Any CPU
		{BF4C66D6-8624-4351-9B24-6CB9C932636D}.Debug|Any CPU.Build.0 = Debug|Any CPU
		{BF4C66D6-8624-4351-9B24-6CB9C932636D}.Release|Any CPU.ActiveCfg = Release|Any CPU
		{BF4C66D6-8624-4351-9B24-6CB9C932636D}.Release|Any CPU.Build.0 = Release|Any CPU
		{560D2893-9890-46D8-9458-9C491AC1AFE1}.Debug|Any CPU.ActiveCfg = Debug|Any CPU
		{560D2893-9890-46D8-9458-9C491AC1AFE1}.Debug|Any CPU.Build.0 = Debug|Any CPU
		{560D2893-9890-46D8-9458-9C491AC1AFE1}.Release|Any CPU.ActiveCfg = Release|Any CPU
		{560D2893-9890-46D8-9458-9C491AC1AFE1}.Release|Any CPU.Build.0 = Release|Any CPU
		{E6061375-C2C1-4AB4-BDC4-137AAE36940E}.Debug|Any CPU.ActiveCfg = Debug|Any CPU
		{E6061375-C2C1-4AB4-BDC4-137AAE36940E}.Debug|Any CPU.Build.0 = Debug|Any CPU
		{E6061375-C2C1-4AB4-BDC4-137AAE36940E}.Release|Any CPU.ActiveCfg = Release|Any CPU
		{E6061375-C2C1-4AB4-BDC4-137AAE36940E}.Release|Any CPU.Build.0 = Release|Any CPU
		{65E9E01F-B7D5-4285-BC79-62F927D28663}.Debug|Any CPU.ActiveCfg = Debug|Any CPU
		{65E9E01F-B7D5-4285-BC79-62F927D28663}.Debug|Any CPU.Build.0 = Debug|Any CPU
		{65E9E01F-B7D5-4285-BC79-62F927D28663}.Release|Any CPU.ActiveCfg = Release|Any CPU
		{65E9E01F-B7D5-4285-BC79-62F927D28663}.Release|Any CPU.Build.0 = Release|Any CPU
		{ADE5336A-2D6B-4141-913C-79B30EA1DF82}.Debug|Any CPU.ActiveCfg = Debug|Any CPU
		{ADE5336A-2D6B-4141-913C-79B30EA1DF82}.Debug|Any CPU.Build.0 = Debug|Any CPU
		{ADE5336A-2D6B-4141-913C-79B30EA1DF82}.Release|Any CPU.ActiveCfg = Release|Any CPU
		{ADE5336A-2D6B-4141-913C-79B30EA1DF82}.Release|Any CPU.Build.0 = Release|Any CPU
		{79BCD798-3D87-4A70-A25D-D3AF3C40880C}.Debug|Any CPU.ActiveCfg = Debug|Any CPU
		{79BCD798-3D87-4A70-A25D-D3AF3C40880C}.Debug|Any CPU.Build.0 = Debug|Any CPU
		{79BCD798-3D87-4A70-A25D-D3AF3C40880C}.Release|Any CPU.ActiveCfg = Release|Any CPU
		{79BCD798-3D87-4A70-A25D-D3AF3C40880C}.Release|Any CPU.Build.0 = Release|Any CPU
		{5F31D915-0334-4530-9CC4-462DB48FA0DA}.Debug|Any CPU.ActiveCfg = Debug|Any CPU
		{5F31D915-0334-4530-9CC4-462DB48FA0DA}.Debug|Any CPU.Build.0 = Debug|Any CPU
		{5F31D915-0334-4530-9CC4-462DB48FA0DA}.Release|Any CPU.ActiveCfg = Release|Any CPU
		{5F31D915-0334-4530-9CC4-462DB48FA0DA}.Release|Any CPU.Build.0 = Release|Any CPU
		{E6E1EF71-6B93-4F2A-A654-FC0700895FDB}.Debug|Any CPU.ActiveCfg = Debug|Any CPU
		{E6E1EF71-6B93-4F2A-A654-FC0700895FDB}.Debug|Any CPU.Build.0 = Debug|Any CPU
		{E6E1EF71-6B93-4F2A-A654-FC0700895FDB}.Release|Any CPU.ActiveCfg = Release|Any CPU
		{E6E1EF71-6B93-4F2A-A654-FC0700895FDB}.Release|Any CPU.Build.0 = Release|Any CPU
		{2F107BBC-1691-4770-83EB-E126486277C5}.Debug|Any CPU.ActiveCfg = Debug|Any CPU
		{2F107BBC-1691-4770-83EB-E126486277C5}.Debug|Any CPU.Build.0 = Debug|Any CPU
		{2F107BBC-1691-4770-83EB-E126486277C5}.Release|Any CPU.ActiveCfg = Release|Any CPU
		{2F107BBC-1691-4770-83EB-E126486277C5}.Release|Any CPU.Build.0 = Release|Any CPU
		{0DBA193F-C10A-4E7A-ADCB-AEFE8488B97A}.Debug|Any CPU.ActiveCfg = Debug|Any CPU
		{0DBA193F-C10A-4E7A-ADCB-AEFE8488B97A}.Debug|Any CPU.Build.0 = Debug|Any CPU
		{0DBA193F-C10A-4E7A-ADCB-AEFE8488B97A}.Release|Any CPU.ActiveCfg = Release|Any CPU
		{0DBA193F-C10A-4E7A-ADCB-AEFE8488B97A}.Release|Any CPU.Build.0 = Release|Any CPU
		{1303D628-A07B-46B2-B5B7-1C893326AE09}.Debug|Any CPU.ActiveCfg = Debug|Any CPU
		{1303D628-A07B-46B2-B5B7-1C893326AE09}.Debug|Any CPU.Build.0 = Debug|Any CPU
		{1303D628-A07B-46B2-B5B7-1C893326AE09}.Release|Any CPU.ActiveCfg = Release|Any CPU
		{1303D628-A07B-46B2-B5B7-1C893326AE09}.Release|Any CPU.Build.0 = Release|Any CPU
		{2B7B2D39-AF6A-453B-A78B-FE64CB46F12C}.Debug|Any CPU.ActiveCfg = Debug|Any CPU
		{2B7B2D39-AF6A-453B-A78B-FE64CB46F12C}.Debug|Any CPU.Build.0 = Debug|Any CPU
		{2B7B2D39-AF6A-453B-A78B-FE64CB46F12C}.Release|Any CPU.ActiveCfg = Release|Any CPU
		{2B7B2D39-AF6A-453B-A78B-FE64CB46F12C}.Release|Any CPU.Build.0 = Release|Any CPU
		{ABF6A287-642D-4D2F-ABED-135CC79186F7}.Debug|Any CPU.ActiveCfg = Debug|Any CPU
		{ABF6A287-642D-4D2F-ABED-135CC79186F7}.Debug|Any CPU.Build.0 = Debug|Any CPU
		{ABF6A287-642D-4D2F-ABED-135CC79186F7}.Release|Any CPU.ActiveCfg = Release|Any CPU
		{ABF6A287-642D-4D2F-ABED-135CC79186F7}.Release|Any CPU.Build.0 = Release|Any CPU
		{E9B58016-9B58-49C2-A7C7-9C3BFD28F05B}.Debug|Any CPU.ActiveCfg = Debug|Any CPU
		{E9B58016-9B58-49C2-A7C7-9C3BFD28F05B}.Debug|Any CPU.Build.0 = Debug|Any CPU
		{E9B58016-9B58-49C2-A7C7-9C3BFD28F05B}.Release|Any CPU.ActiveCfg = Release|Any CPU
		{E9B58016-9B58-49C2-A7C7-9C3BFD28F05B}.Release|Any CPU.Build.0 = Release|Any CPU
		{A3E12D2A-D82A-4079-B872-13F0B22B94D1}.Debug|Any CPU.ActiveCfg = Debug|Any CPU
		{A3E12D2A-D82A-4079-B872-13F0B22B94D1}.Debug|Any CPU.Build.0 = Debug|Any CPU
		{A3E12D2A-D82A-4079-B872-13F0B22B94D1}.Release|Any CPU.ActiveCfg = Release|Any CPU
		{A3E12D2A-D82A-4079-B872-13F0B22B94D1}.Release|Any CPU.Build.0 = Release|Any CPU
		{5C7E0B22-EBBC-47DB-A3B5-C1D8C488EA80}.Debug|Any CPU.ActiveCfg = Debug|Any CPU
		{5C7E0B22-EBBC-47DB-A3B5-C1D8C488EA80}.Debug|Any CPU.Build.0 = Debug|Any CPU
		{5C7E0B22-EBBC-47DB-A3B5-C1D8C488EA80}.Release|Any CPU.ActiveCfg = Release|Any CPU
		{5C7E0B22-EBBC-47DB-A3B5-C1D8C488EA80}.Release|Any CPU.Build.0 = Release|Any CPU
	EndGlobalSection
	GlobalSection(SolutionProperties) = preSolution
		HideSolutionNode = FALSE
	EndGlobalSection
	GlobalSection(NestedProjects) = preSolution
		{45686DCD-B07C-4AD3-8AE0-34970D2947D6} = {72513A5E-6FD3-492E-A2CE-4E35BC2DE98E}
		{020362F6-5915-4CBD-8F2F-CC11B350199E} = {72513A5E-6FD3-492E-A2CE-4E35BC2DE98E}
		{F2589455-40DA-4966-AC6F-AC6A030322BB} = {0823887E-FD84-42CE-9AB1-8094392E80AF}
		{A5742868-9902-464A-814F-6E960E377985} = {0823887E-FD84-42CE-9AB1-8094392E80AF}
		{EF51D4CB-8B80-4A92-BE6D-CAF25A359F08} = {0823887E-FD84-42CE-9AB1-8094392E80AF}
		{4DC1989C-A25C-4D3D-91C1-D3154A4EBE85} = {0823887E-FD84-42CE-9AB1-8094392E80AF}
		{775FC229-0C30-4362-8FD7-98D5EC19A37D} = {B8C17B89-17A7-420A-A6FA-F807558F3963}
		{F58466DB-E3BC-4AD5-81DB-CBD8F0AAAC0F} = {B8C17B89-17A7-420A-A6FA-F807558F3963}
		{D05731DB-1DF6-4FF4-8151-F1D610A9CABB} = {B8C17B89-17A7-420A-A6FA-F807558F3963}
		{E64FE4F8-B209-4B4F-A365-625A9543401E} = {B8C17B89-17A7-420A-A6FA-F807558F3963}
		{7558FED7-11AE-4713-BF4A-D1FCDE3C56B6} = {B8C17B89-17A7-420A-A6FA-F807558F3963}
		{1AE00F18-74D8-4FD9-AEAE-9AF4A0D2B5DA} = {EA0E1CA1-B7CD-4DC7-977C-7FD225D405C7}
		{69944B22-CD3D-4713-83C9-76BB20E9FC61} = {EA0E1CA1-B7CD-4DC7-977C-7FD225D405C7}
		{BF4C66D6-8624-4351-9B24-6CB9C932636D} = {EA0E1CA1-B7CD-4DC7-977C-7FD225D405C7}
		{560D2893-9890-46D8-9458-9C491AC1AFE1} = {EA0E1CA1-B7CD-4DC7-977C-7FD225D405C7}
		{E6061375-C2C1-4AB4-BDC4-137AAE36940E} = {EA0E1CA1-B7CD-4DC7-977C-7FD225D405C7}
		{65E9E01F-B7D5-4285-BC79-62F927D28663} = {AFCC2608-112E-49F9-B9FD-22F68B5FD113}
		{ADE5336A-2D6B-4141-913C-79B30EA1DF82} = {AFCC2608-112E-49F9-B9FD-22F68B5FD113}
		{79BCD798-3D87-4A70-A25D-D3AF3C40880C} = {FE3077FD-97D7-47F7-98BD-C481C23C8A33}
		{5F31D915-0334-4530-9CC4-462DB48FA0DA} = {E3FDCDBF-9883-45C0-AA4B-30578C5E16E8}
		{E6E1EF71-6B93-4F2A-A654-FC0700895FDB} = {E3FDCDBF-9883-45C0-AA4B-30578C5E16E8}
		{2B7B2D39-AF6A-453B-A78B-FE64CB46F12C} = {72513A5E-6FD3-492E-A2CE-4E35BC2DE98E}
		{ABF6A287-642D-4D2F-ABED-135CC79186F7} = {72513A5E-6FD3-492E-A2CE-4E35BC2DE98E}
		{E9B58016-9B58-49C2-A7C7-9C3BFD28F05B} = {72513A5E-6FD3-492E-A2CE-4E35BC2DE98E}
		{A3E12D2A-D82A-4079-B872-13F0B22B94D1} = {B8C17B89-17A7-420A-A6FA-F807558F3963}
		{5C7E0B22-EBBC-47DB-A3B5-C1D8C488EA80} = {B8C17B89-17A7-420A-A6FA-F807558F3963}
	EndGlobalSection
	GlobalSection(ExtensibilityGlobals) = postSolution
		SolutionGuid = {62E14B0B-4F98-4A01-89EB-74B1C0AFFC52}
	EndGlobalSection
EndGlobal
